// !$*UTF8*$!
{
	archiveVersion = 1;
	classes = {
	};
	objectVersion = 46;
	objects = {

/* Begin PBXBuildFile section */
		5C02BCCB193EBBDB004C36D3 /* CallOut.m in Sources */ = {isa = PBXBuildFile; fileRef = 5C02BCCA193EBBDB004C36D3 /* CallOut.m */; };
		5C3AC6B0193ADA4F00354D6E /* UsuarioViewController.m in Sources */ = {isa = PBXBuildFile; fileRef = 5C3AC6AF193ADA4F00354D6E /* UsuarioViewController.m */; };
		5C3AC6B3193AE12B00354D6E /* AnuncioViewController.m in Sources */ = {isa = PBXBuildFile; fileRef = 5C3AC6B2193AE12B00354D6E /* AnuncioViewController.m */; };
		5C679543193D565C0057F510 /* ReservadoConcluidoViewController.m in Sources */ = {isa = PBXBuildFile; fileRef = 5C679542193D565C0057F510 /* ReservadoConcluidoViewController.m */; };
		5CB510C21934204300C365D7 /* MeusMurosViewController.m in Sources */ = {isa = PBXBuildFile; fileRef = 5CB510C11934204300C365D7 /* MeusMurosViewController.m */; };
		5CB510C5193430EE00C365D7 /* graffiti2.jpg in Resources */ = {isa = PBXBuildFile; fileRef = 5CB510C3193430EE00C365D7 /* graffiti2.jpg */; };
		5CB510C6193430EE00C365D7 /* graffitti.jpg in Resources */ = {isa = PBXBuildFile; fileRef = 5CB510C4193430EE00C365D7 /* graffitti.jpg */; };
		88569BB3193CC9890090BB89 /* Anuncio.m in Sources */ = {isa = PBXBuildFile; fileRef = 88569BB2193CC9890090BB89 /* Anuncio.m */; };
		88569BB6193CCE6C0090BB89 /* Gerente.m in Sources */ = {isa = PBXBuildFile; fileRef = 88569BB5193CCE6C0090BB89 /* Gerente.m */; };
		88949E4B19337797007B9200 /* Foundation.framework in Frameworks */ = {isa = PBXBuildFile; fileRef = 88949E4A19337797007B9200 /* Foundation.framework */; };
		88949E4D19337797007B9200 /* CoreGraphics.framework in Frameworks */ = {isa = PBXBuildFile; fileRef = 88949E4C19337797007B9200 /* CoreGraphics.framework */; };
		88949E4F19337797007B9200 /* UIKit.framework in Frameworks */ = {isa = PBXBuildFile; fileRef = 88949E4E19337797007B9200 /* UIKit.framework */; };
		88949E5119337797007B9200 /* CoreData.framework in Frameworks */ = {isa = PBXBuildFile; fileRef = 88949E5019337797007B9200 /* CoreData.framework */; };
		88949E5719337797007B9200 /* InfoPlist.strings in Resources */ = {isa = PBXBuildFile; fileRef = 88949E5519337797007B9200 /* InfoPlist.strings */; };
		88949E5919337797007B9200 /* main.m in Sources */ = {isa = PBXBuildFile; fileRef = 88949E5819337797007B9200 /* main.m */; };
		88949E5D19337797007B9200 /* AppDelegate.m in Sources */ = {isa = PBXBuildFile; fileRef = 88949E5C19337797007B9200 /* AppDelegate.m */; };
		88949E6019337797007B9200 /* Grafitaki.xcdatamodeld in Sources */ = {isa = PBXBuildFile; fileRef = 88949E5E19337797007B9200 /* Grafitaki.xcdatamodeld */; };
		88949E6219337797007B9200 /* Images.xcassets in Resources */ = {isa = PBXBuildFile; fileRef = 88949E6119337797007B9200 /* Images.xcassets */; };
		88949E6919337797007B9200 /* XCTest.framework in Frameworks */ = {isa = PBXBuildFile; fileRef = 88949E6819337797007B9200 /* XCTest.framework */; };
		88949E6A19337797007B9200 /* Foundation.framework in Frameworks */ = {isa = PBXBuildFile; fileRef = 88949E4A19337797007B9200 /* Foundation.framework */; };
		88949E6B19337797007B9200 /* UIKit.framework in Frameworks */ = {isa = PBXBuildFile; fileRef = 88949E4E19337797007B9200 /* UIKit.framework */; };
		88949E6C19337798007B9200 /* CoreData.framework in Frameworks */ = {isa = PBXBuildFile; fileRef = 88949E5019337797007B9200 /* CoreData.framework */; };
		88949E7419337798007B9200 /* InfoPlist.strings in Resources */ = {isa = PBXBuildFile; fileRef = 88949E7219337798007B9200 /* InfoPlist.strings */; };
		88949E7619337798007B9200 /* GrafitakiTests.m in Sources */ = {isa = PBXBuildFile; fileRef = 88949E7519337798007B9200 /* GrafitakiTests.m */; };
		88949E80193377E3007B9200 /* Storyboard.storyboard in Resources */ = {isa = PBXBuildFile; fileRef = 88949E7F193377E3007B9200 /* Storyboard.storyboard */; };
		88949E83193378E7007B9200 /* PrincipalViewController.m in Sources */ = {isa = PBXBuildFile; fileRef = 88949E82193378E7007B9200 /* PrincipalViewController.m */; };
		88949E85193388C5007B9200 /* CoreLocation.framework in Frameworks */ = {isa = PBXBuildFile; fileRef = 88949E84193388C5007B9200 /* CoreLocation.framework */; };
		88949E87193388D4007B9200 /* MapKit.framework in Frameworks */ = {isa = PBXBuildFile; fileRef = 88949E86193388D4007B9200 /* MapKit.framework */; };
		88949E8A19339DF3007B9200 /* InicialViewController.m in Sources */ = {isa = PBXBuildFile; fileRef = 88949E8919339DF3007B9200 /* InicialViewController.m */; };
		88949E8C1933A210007B9200 /* spraycan.png in Resources */ = {isa = PBXBuildFile; fileRef = 88949E8B1933A210007B9200 /* spraycan.png */; };
		88949E911933A2D5007B9200 /* fbLogo.png in Resources */ = {isa = PBXBuildFile; fileRef = 88949E8D1933A2D5007B9200 /* fbLogo.png */; };
		88949E921933A2D5007B9200 /* gpLogo.png in Resources */ = {isa = PBXBuildFile; fileRef = 88949E8E1933A2D5007B9200 /* gpLogo.png */; };
		88949E931933A2D5007B9200 /* oktLogo.png in Resources */ = {isa = PBXBuildFile; fileRef = 88949E8F1933A2D5007B9200 /* oktLogo.png */; };
		88949E941933A2D5007B9200 /* twtLogo.png in Resources */ = {isa = PBXBuildFile; fileRef = 88949E901933A2D5007B9200 /* twtLogo.png */; };
/* End PBXBuildFile section */

/* Begin PBXContainerItemProxy section */
		88949E6D19337798007B9200 /* PBXContainerItemProxy */ = {
			isa = PBXContainerItemProxy;
			containerPortal = 88949E3F19337797007B9200 /* Project object */;
			proxyType = 1;
			remoteGlobalIDString = 88949E4619337797007B9200;
			remoteInfo = Grafitaki;
		};
/* End PBXContainerItemProxy section */

/* Begin PBXFileReference section */
		5C02BCC9193EBBDB004C36D3 /* CallOut.h */ = {isa = PBXFileReference; fileEncoding = 4; lastKnownFileType = sourcecode.c.h; path = CallOut.h; sourceTree = "<group>"; };
		5C02BCCA193EBBDB004C36D3 /* CallOut.m */ = {isa = PBXFileReference; fileEncoding = 4; lastKnownFileType = sourcecode.c.objc; path = CallOut.m; sourceTree = "<group>"; };
		5C3AC6AE193ADA4F00354D6E /* UsuarioViewController.h */ = {isa = PBXFileReference; fileEncoding = 4; lastKnownFileType = sourcecode.c.h; path = UsuarioViewController.h; sourceTree = "<group>"; };
		5C3AC6AF193ADA4F00354D6E /* UsuarioViewController.m */ = {isa = PBXFileReference; fileEncoding = 4; lastKnownFileType = sourcecode.c.objc; path = UsuarioViewController.m; sourceTree = "<group>"; };
		5C3AC6B1193AE12B00354D6E /* AnuncioViewController.h */ = {isa = PBXFileReference; fileEncoding = 4; lastKnownFileType = sourcecode.c.h; path = AnuncioViewController.h; sourceTree = "<group>"; };
		5C3AC6B2193AE12B00354D6E /* AnuncioViewController.m */ = {isa = PBXFileReference; fileEncoding = 4; lastKnownFileType = sourcecode.c.objc; path = AnuncioViewController.m; sourceTree = "<group>"; };
		5C679541193D565B0057F510 /* ReservadoConcluidoViewController.h */ = {isa = PBXFileReference; fileEncoding = 4; lastKnownFileType = sourcecode.c.h; path = ReservadoConcluidoViewController.h; sourceTree = "<group>"; };
		5C679542193D565C0057F510 /* ReservadoConcluidoViewController.m */ = {isa = PBXFileReference; fileEncoding = 4; lastKnownFileType = sourcecode.c.objc; path = ReservadoConcluidoViewController.m; sourceTree = "<group>"; };
		5CB510C01934204300C365D7 /* MeusMurosViewController.h */ = {isa = PBXFileReference; fileEncoding = 4; lastKnownFileType = sourcecode.c.h; path = MeusMurosViewController.h; sourceTree = "<group>"; };
		5CB510C11934204300C365D7 /* MeusMurosViewController.m */ = {isa = PBXFileReference; fileEncoding = 4; lastKnownFileType = sourcecode.c.objc; path = MeusMurosViewController.m; sourceTree = "<group>"; };
		5CB510C3193430EE00C365D7 /* graffiti2.jpg */ = {isa = PBXFileReference; lastKnownFileType = image.jpeg; path = graffiti2.jpg; sourceTree = "<group>"; };
		5CB510C4193430EE00C365D7 /* graffitti.jpg */ = {isa = PBXFileReference; lastKnownFileType = image.jpeg; path = graffitti.jpg; sourceTree = "<group>"; };
		88569BB1193CC9890090BB89 /* Anuncio.h */ = {isa = PBXFileReference; fileEncoding = 4; lastKnownFileType = sourcecode.c.h; path = Anuncio.h; sourceTree = "<group>"; };
		88569BB2193CC9890090BB89 /* Anuncio.m */ = {isa = PBXFileReference; fileEncoding = 4; lastKnownFileType = sourcecode.c.objc; path = Anuncio.m; sourceTree = "<group>"; };
		88569BB4193CCE6C0090BB89 /* Gerente.h */ = {isa = PBXFileReference; fileEncoding = 4; lastKnownFileType = sourcecode.c.h; path = Gerente.h; sourceTree = "<group>"; };
		88569BB5193CCE6C0090BB89 /* Gerente.m */ = {isa = PBXFileReference; fileEncoding = 4; lastKnownFileType = sourcecode.c.objc; path = Gerente.m; sourceTree = "<group>"; };
		88949E4719337797007B9200 /* Grafitaki.app */ = {isa = PBXFileReference; explicitFileType = wrapper.application; includeInIndex = 0; path = Grafitaki.app; sourceTree = BUILT_PRODUCTS_DIR; };
		88949E4A19337797007B9200 /* Foundation.framework */ = {isa = PBXFileReference; lastKnownFileType = wrapper.framework; name = Foundation.framework; path = System/Library/Frameworks/Foundation.framework; sourceTree = SDKROOT; };
		88949E4C19337797007B9200 /* CoreGraphics.framework */ = {isa = PBXFileReference; lastKnownFileType = wrapper.framework; name = CoreGraphics.framework; path = System/Library/Frameworks/CoreGraphics.framework; sourceTree = SDKROOT; };
		88949E4E19337797007B9200 /* UIKit.framework */ = {isa = PBXFileReference; lastKnownFileType = wrapper.framework; name = UIKit.framework; path = System/Library/Frameworks/UIKit.framework; sourceTree = SDKROOT; };
		88949E5019337797007B9200 /* CoreData.framework */ = {isa = PBXFileReference; lastKnownFileType = wrapper.framework; name = CoreData.framework; path = System/Library/Frameworks/CoreData.framework; sourceTree = SDKROOT; };
		88949E5419337797007B9200 /* Grafitaki-Info.plist */ = {isa = PBXFileReference; lastKnownFileType = text.plist.xml; path = "Grafitaki-Info.plist"; sourceTree = "<group>"; };
		88949E5619337797007B9200 /* en */ = {isa = PBXFileReference; lastKnownFileType = text.plist.strings; name = en; path = en.lproj/InfoPlist.strings; sourceTree = "<group>"; };
		88949E5819337797007B9200 /* main.m */ = {isa = PBXFileReference; lastKnownFileType = sourcecode.c.objc; path = main.m; sourceTree = "<group>"; };
		88949E5A19337797007B9200 /* Grafitaki-Prefix.pch */ = {isa = PBXFileReference; lastKnownFileType = sourcecode.c.h; path = "Grafitaki-Prefix.pch"; sourceTree = "<group>"; };
		88949E5B19337797007B9200 /* AppDelegate.h */ = {isa = PBXFileReference; lastKnownFileType = sourcecode.c.h; path = AppDelegate.h; sourceTree = "<group>"; };
		88949E5C19337797007B9200 /* AppDelegate.m */ = {isa = PBXFileReference; lastKnownFileType = sourcecode.c.objc; path = AppDelegate.m; sourceTree = "<group>"; };
		88949E5F19337797007B9200 /* Grafitaki.xcdatamodel */ = {isa = PBXFileReference; lastKnownFileType = wrapper.xcdatamodel; path = Grafitaki.xcdatamodel; sourceTree = "<group>"; };
		88949E6119337797007B9200 /* Images.xcassets */ = {isa = PBXFileReference; lastKnownFileType = folder.assetcatalog; path = Images.xcassets; sourceTree = "<group>"; };
		88949E6719337797007B9200 /* GrafitakiTests.xctest */ = {isa = PBXFileReference; explicitFileType = wrapper.cfbundle; includeInIndex = 0; path = GrafitakiTests.xctest; sourceTree = BUILT_PRODUCTS_DIR; };
		88949E6819337797007B9200 /* XCTest.framework */ = {isa = PBXFileReference; lastKnownFileType = wrapper.framework; name = XCTest.framework; path = Library/Frameworks/XCTest.framework; sourceTree = DEVELOPER_DIR; };
		88949E7119337798007B9200 /* GrafitakiTests-Info.plist */ = {isa = PBXFileReference; lastKnownFileType = text.plist.xml; path = "GrafitakiTests-Info.plist"; sourceTree = "<group>"; };
		88949E7319337798007B9200 /* en */ = {isa = PBXFileReference; lastKnownFileType = text.plist.strings; name = en; path = en.lproj/InfoPlist.strings; sourceTree = "<group>"; };
		88949E7519337798007B9200 /* GrafitakiTests.m */ = {isa = PBXFileReference; lastKnownFileType = sourcecode.c.objc; path = GrafitakiTests.m; sourceTree = "<group>"; };
		88949E7F193377E3007B9200 /* Storyboard.storyboard */ = {isa = PBXFileReference; fileEncoding = 4; lastKnownFileType = file.storyboard; path = Storyboard.storyboard; sourceTree = "<group>"; };
		88949E81193378E7007B9200 /* PrincipalViewController.h */ = {isa = PBXFileReference; fileEncoding = 4; lastKnownFileType = sourcecode.c.h; path = PrincipalViewController.h; sourceTree = "<group>"; };
		88949E82193378E7007B9200 /* PrincipalViewController.m */ = {isa = PBXFileReference; fileEncoding = 4; lastKnownFileType = sourcecode.c.objc; path = PrincipalViewController.m; sourceTree = "<group>"; };
		88949E84193388C5007B9200 /* CoreLocation.framework */ = {isa = PBXFileReference; lastKnownFileType = wrapper.framework; name = CoreLocation.framework; path = System/Library/Frameworks/CoreLocation.framework; sourceTree = SDKROOT; };
		88949E86193388D4007B9200 /* MapKit.framework */ = {isa = PBXFileReference; lastKnownFileType = wrapper.framework; name = MapKit.framework; path = System/Library/Frameworks/MapKit.framework; sourceTree = SDKROOT; };
		88949E8819339DF3007B9200 /* InicialViewController.h */ = {isa = PBXFileReference; fileEncoding = 4; lastKnownFileType = sourcecode.c.h; path = InicialViewController.h; sourceTree = "<group>"; };
		88949E8919339DF3007B9200 /* InicialViewController.m */ = {isa = PBXFileReference; fileEncoding = 4; lastKnownFileType = sourcecode.c.objc; path = InicialViewController.m; sourceTree = "<group>"; };
		88949E8B1933A210007B9200 /* spraycan.png */ = {isa = PBXFileReference; lastKnownFileType = image.png; path = spraycan.png; sourceTree = "<group>"; };
		88949E8D1933A2D5007B9200 /* fbLogo.png */ = {isa = PBXFileReference; lastKnownFileType = image.png; path = fbLogo.png; sourceTree = "<group>"; };
		88949E8E1933A2D5007B9200 /* gpLogo.png */ = {isa = PBXFileReference; lastKnownFileType = image.png; path = gpLogo.png; sourceTree = "<group>"; };
		88949E8F1933A2D5007B9200 /* oktLogo.png */ = {isa = PBXFileReference; lastKnownFileType = image.png; path = oktLogo.png; sourceTree = "<group>"; };
		88949E901933A2D5007B9200 /* twtLogo.png */ = {isa = PBXFileReference; lastKnownFileType = image.png; path = twtLogo.png; sourceTree = "<group>"; };
/* End PBXFileReference section */

/* Begin PBXFrameworksBuildPhase section */
		88949E4419337797007B9200 /* Frameworks */ = {
			isa = PBXFrameworksBuildPhase;
			buildActionMask = 2147483647;
			files = (
				88949E87193388D4007B9200 /* MapKit.framework in Frameworks */,
				88949E85193388C5007B9200 /* CoreLocation.framework in Frameworks */,
				88949E4D19337797007B9200 /* CoreGraphics.framework in Frameworks */,
				88949E5119337797007B9200 /* CoreData.framework in Frameworks */,
				88949E4F19337797007B9200 /* UIKit.framework in Frameworks */,
				88949E4B19337797007B9200 /* Foundation.framework in Frameworks */,
			);
			runOnlyForDeploymentPostprocessing = 0;
		};
		88949E6419337797007B9200 /* Frameworks */ = {
			isa = PBXFrameworksBuildPhase;
			buildActionMask = 2147483647;
			files = (
				88949E6919337797007B9200 /* XCTest.framework in Frameworks */,
				88949E6C19337798007B9200 /* CoreData.framework in Frameworks */,
				88949E6B19337797007B9200 /* UIKit.framework in Frameworks */,
				88949E6A19337797007B9200 /* Foundation.framework in Frameworks */,
			);
			runOnlyForDeploymentPostprocessing = 0;
		};
/* End PBXFrameworksBuildPhase section */

/* Begin PBXGroup section */
		88949E3E19337797007B9200 = {
			isa = PBXGroup;
			children = (
				88949E5219337797007B9200 /* Grafitaki */,
				88949E6F19337798007B9200 /* GrafitakiTests */,
				88949E4919337797007B9200 /* Frameworks */,
				88949E4819337797007B9200 /* Products */,
			);
			sourceTree = "<group>";
		};
		88949E4819337797007B9200 /* Products */ = {
			isa = PBXGroup;
			children = (
				88949E4719337797007B9200 /* Grafitaki.app */,
				88949E6719337797007B9200 /* GrafitakiTests.xctest */,
			);
			name = Products;
			sourceTree = "<group>";
		};
		88949E4919337797007B9200 /* Frameworks */ = {
			isa = PBXGroup;
			children = (
				88949E86193388D4007B9200 /* MapKit.framework */,
				88949E84193388C5007B9200 /* CoreLocation.framework */,
				88949E4A19337797007B9200 /* Foundation.framework */,
				88949E4C19337797007B9200 /* CoreGraphics.framework */,
				88949E4E19337797007B9200 /* UIKit.framework */,
				88949E5019337797007B9200 /* CoreData.framework */,
				88949E6819337797007B9200 /* XCTest.framework */,
			);
			name = Frameworks;
			sourceTree = "<group>";
		};
		88949E5219337797007B9200 /* Grafitaki */ = {
			isa = PBXGroup;
			children = (
				88949E5B19337797007B9200 /* AppDelegate.h */,
				88949E5C19337797007B9200 /* AppDelegate.m */,
				88569BB1193CC9890090BB89 /* Anuncio.h */,
				88569BB2193CC9890090BB89 /* Anuncio.m */,
				88569BB4193CCE6C0090BB89 /* Gerente.h */,
				88569BB5193CCE6C0090BB89 /* Gerente.m */,
				5C02BCC9193EBBDB004C36D3 /* CallOut.h */,
				5C02BCCA193EBBDB004C36D3 /* CallOut.m */,
				88949E6119337797007B9200 /* Images.xcassets */,
				88949E81193378E7007B9200 /* PrincipalViewController.h */,
				88949E82193378E7007B9200 /* PrincipalViewController.m */,
				88949E8819339DF3007B9200 /* InicialViewController.h */,
				88949E8919339DF3007B9200 /* InicialViewController.m */,
				5CB510C01934204300C365D7 /* MeusMurosViewController.h */,
				5CB510C11934204300C365D7 /* MeusMurosViewController.m */,
				5C3AC6AE193ADA4F00354D6E /* UsuarioViewController.h */,
				5C3AC6AF193ADA4F00354D6E /* UsuarioViewController.m */,
				5C3AC6B1193AE12B00354D6E /* AnuncioViewController.h */,
				5C3AC6B2193AE12B00354D6E /* AnuncioViewController.m */,
				5C679541193D565B0057F510 /* ReservadoConcluidoViewController.h */,
				5C679542193D565C0057F510 /* ReservadoConcluidoViewController.m */,
				88949E7F193377E3007B9200 /* Storyboard.storyboard */,
				88949E5E19337797007B9200 /* Grafitaki.xcdatamodeld */,
				88949E5319337797007B9200 /* Supporting Files */,
			);
			path = Grafitaki;
			sourceTree = "<group>";
		};
		88949E5319337797007B9200 /* Supporting Files */ = {
			isa = PBXGroup;
			children = (
				88949E8D1933A2D5007B9200 /* fbLogo.png */,
				88949E8E1933A2D5007B9200 /* gpLogo.png */,
				88949E8F1933A2D5007B9200 /* oktLogo.png */,
				88949E901933A2D5007B9200 /* twtLogo.png */,
				88949E5419337797007B9200 /* Grafitaki-Info.plist */,
				88949E8B1933A210007B9200 /* spraycan.png */,
				88949E5519337797007B9200 /* InfoPlist.strings */,
				5CB510C3193430EE00C365D7 /* graffiti2.jpg */,
				5CB510C4193430EE00C365D7 /* graffitti.jpg */,
				88949E5819337797007B9200 /* main.m */,
				88949E5A19337797007B9200 /* Grafitaki-Prefix.pch */,
			);
			name = "Supporting Files";
			sourceTree = "<group>";
		};
		88949E6F19337798007B9200 /* GrafitakiTests */ = {
			isa = PBXGroup;
			children = (
				88949E7519337798007B9200 /* GrafitakiTests.m */,
				88949E7019337798007B9200 /* Supporting Files */,
			);
			path = GrafitakiTests;
			sourceTree = "<group>";
		};
		88949E7019337798007B9200 /* Supporting Files */ = {
			isa = PBXGroup;
			children = (
				88949E7119337798007B9200 /* GrafitakiTests-Info.plist */,
				88949E7219337798007B9200 /* InfoPlist.strings */,
			);
			name = "Supporting Files";
			sourceTree = "<group>";
		};
/* End PBXGroup section */

/* Begin PBXNativeTarget section */
		88949E4619337797007B9200 /* Grafitaki */ = {
			isa = PBXNativeTarget;
			buildConfigurationList = 88949E7919337798007B9200 /* Build configuration list for PBXNativeTarget "Grafitaki" */;
			buildPhases = (
				88949E4319337797007B9200 /* Sources */,
				88949E4419337797007B9200 /* Frameworks */,
				88949E4519337797007B9200 /* Resources */,
			);
			buildRules = (
			);
			dependencies = (
			);
			name = Grafitaki;
			productName = Grafitaki;
			productReference = 88949E4719337797007B9200 /* Grafitaki.app */;
			productType = "com.apple.product-type.application";
		};
		88949E6619337797007B9200 /* GrafitakiTests */ = {
			isa = PBXNativeTarget;
			buildConfigurationList = 88949E7C19337798007B9200 /* Build configuration list for PBXNativeTarget "GrafitakiTests" */;
			buildPhases = (
				88949E6319337797007B9200 /* Sources */,
				88949E6419337797007B9200 /* Frameworks */,
				88949E6519337797007B9200 /* Resources */,
			);
			buildRules = (
			);
			dependencies = (
				88949E6E19337798007B9200 /* PBXTargetDependency */,
			);
			name = GrafitakiTests;
			productName = GrafitakiTests;
			productReference = 88949E6719337797007B9200 /* GrafitakiTests.xctest */;
			productType = "com.apple.product-type.bundle.unit-test";
		};
/* End PBXNativeTarget section */

/* Begin PBXProject section */
		88949E3F19337797007B9200 /* Project object */ = {
			isa = PBXProject;
			attributes = {
				LastUpgradeCheck = 0510;
				ORGANIZATIONNAME = "Renato Yoshio Soma";
				TargetAttributes = {
					88949E6619337797007B9200 = {
						TestTargetID = 88949E4619337797007B9200;
					};
				};
			};
			buildConfigurationList = 88949E4219337797007B9200 /* Build configuration list for PBXProject "Grafitaki" */;
			compatibilityVersion = "Xcode 3.2";
			developmentRegion = English;
			hasScannedForEncodings = 0;
			knownRegions = (
				en,
			);
			mainGroup = 88949E3E19337797007B9200;
			productRefGroup = 88949E4819337797007B9200 /* Products */;
			projectDirPath = "";
			projectRoot = "";
			targets = (
				88949E4619337797007B9200 /* Grafitaki */,
				88949E6619337797007B9200 /* GrafitakiTests */,
			);
		};
/* End PBXProject section */

/* Begin PBXResourcesBuildPhase section */
		88949E4519337797007B9200 /* Resources */ = {
			isa = PBXResourcesBuildPhase;
			buildActionMask = 2147483647;
			files = (
				88949E8C1933A210007B9200 /* spraycan.png in Resources */,
				88949E5719337797007B9200 /* InfoPlist.strings in Resources */,
				88949E6219337797007B9200 /* Images.xcassets in Resources */,
				88949E911933A2D5007B9200 /* fbLogo.png in Resources */,
				88949E80193377E3007B9200 /* Storyboard.storyboard in Resources */,
				5CB510C5193430EE00C365D7 /* graffiti2.jpg in Resources */,
				88949E921933A2D5007B9200 /* gpLogo.png in Resources */,
				88949E941933A2D5007B9200 /* twtLogo.png in Resources */,
				5CB510C6193430EE00C365D7 /* graffitti.jpg in Resources */,
				88949E931933A2D5007B9200 /* oktLogo.png in Resources */,
			);
			runOnlyForDeploymentPostprocessing = 0;
		};
		88949E6519337797007B9200 /* Resources */ = {
			isa = PBXResourcesBuildPhase;
			buildActionMask = 2147483647;
			files = (
				88949E7419337798007B9200 /* InfoPlist.strings in Resources */,
			);
			runOnlyForDeploymentPostprocessing = 0;
		};
/* End PBXResourcesBuildPhase section */

/* Begin PBXSourcesBuildPhase section */
		88949E4319337797007B9200 /* Sources */ = {
			isa = PBXSourcesBuildPhase;
			buildActionMask = 2147483647;
			files = (
				88949E5D19337797007B9200 /* AppDelegate.m in Sources */,
				5CB510C21934204300C365D7 /* MeusMurosViewController.m in Sources */,
				88949E83193378E7007B9200 /* PrincipalViewController.m in Sources */,
				5C679543193D565C0057F510 /* ReservadoConcluidoViewController.m in Sources */,
				88949E5919337797007B9200 /* main.m in Sources */,
				88949E6019337797007B9200 /* Grafitaki.xcdatamodeld in Sources */,
				88949E8A19339DF3007B9200 /* InicialViewController.m in Sources */,
				5C3AC6B3193AE12B00354D6E /* AnuncioViewController.m in Sources */,
				5C02BCCB193EBBDB004C36D3 /* CallOut.m in Sources */,
				88569BB6193CCE6C0090BB89 /* Gerente.m in Sources */,
				5C3AC6B0193ADA4F00354D6E /* UsuarioViewController.m in Sources */,
				88569BB3193CC9890090BB89 /* Anuncio.m in Sources */,
			);
			runOnlyForDeploymentPostprocessing = 0;
		};
		88949E6319337797007B9200 /* Sources */ = {
			isa = PBXSourcesBuildPhase;
			buildActionMask = 2147483647;
			files = (
				88949E7619337798007B9200 /* GrafitakiTests.m in Sources */,
			);
			runOnlyForDeploymentPostprocessing = 0;
		};
/* End PBXSourcesBuildPhase section */

/* Begin PBXTargetDependency section */
		88949E6E19337798007B9200 /* PBXTargetDependency */ = {
			isa = PBXTargetDependency;
			target = 88949E4619337797007B9200 /* Grafitaki */;
			targetProxy = 88949E6D19337798007B9200 /* PBXContainerItemProxy */;
		};
/* End PBXTargetDependency section */

/* Begin PBXVariantGroup section */
		88949E5519337797007B9200 /* InfoPlist.strings */ = {
			isa = PBXVariantGroup;
			children = (
				88949E5619337797007B9200 /* en */,
			);
			name = InfoPlist.strings;
			sourceTree = "<group>";
		};
		88949E7219337798007B9200 /* InfoPlist.strings */ = {
			isa = PBXVariantGroup;
			children = (
				88949E7319337798007B9200 /* en */,
			);
			name = InfoPlist.strings;
			sourceTree = "<group>";
		};
/* End PBXVariantGroup section */

/* Begin XCBuildConfiguration section */
		88949E7719337798007B9200 /* Debug */ = {
			isa = XCBuildConfiguration;
			buildSettings = {
				ALWAYS_SEARCH_USER_PATHS = NO;
				CLANG_CXX_LANGUAGE_STANDARD = "gnu++0x";
				CLANG_CXX_LIBRARY = "libc++";
				CLANG_ENABLE_MODULES = YES;
				CLANG_ENABLE_OBJC_ARC = YES;
				CLANG_WARN_BOOL_CONVERSION = YES;
				CLANG_WARN_CONSTANT_CONVERSION = YES;
				CLANG_WARN_DIRECT_OBJC_ISA_USAGE = YES_ERROR;
				CLANG_WARN_EMPTY_BODY = YES;
				CLANG_WARN_ENUM_CONVERSION = YES;
				CLANG_WARN_INT_CONVERSION = YES;
				CLANG_WARN_OBJC_ROOT_CLASS = YES_ERROR;
				CLANG_WARN__DUPLICATE_METHOD_MATCH = YES;
				"CODE_SIGN_IDENTITY[sdk=iphoneos*]" = "iPhone Developer";
				COPY_PHASE_STRIP = NO;
				GCC_C_LANGUAGE_STANDARD = gnu99;
				GCC_DYNAMIC_NO_PIC = NO;
				GCC_OPTIMIZATION_LEVEL = 0;
				GCC_PREPROCESSOR_DEFINITIONS = (
					"DEBUG=1",
					"$(inherited)",
				);
				GCC_SYMBOLS_PRIVATE_EXTERN = NO;
				GCC_WARN_64_TO_32_BIT_CONVERSION = YES;
				GCC_WARN_ABOUT_RETURN_TYPE = YES_ERROR;
				GCC_WARN_UNDECLARED_SELECTOR = YES;
				GCC_WARN_UNINITIALIZED_AUTOS = YES_AGGRESSIVE;
				GCC_WARN_UNUSED_FUNCTION = YES;
				GCC_WARN_UNUSED_VARIABLE = YES;
				IPHONEOS_DEPLOYMENT_TARGET = 7.1;
				ONLY_ACTIVE_ARCH = YES;
				SDKROOT = iphoneos;
			};
			name = Debug;
		};
		88949E7819337798007B9200 /* Release */ = {
			isa = XCBuildConfiguration;
			buildSettings = {
				ALWAYS_SEARCH_USER_PATHS = NO;
				CLANG_CXX_LANGUAGE_STANDARD = "gnu++0x";
				CLANG_CXX_LIBRARY = "libc++";
				CLANG_ENABLE_MODULES = YES;
				CLANG_ENABLE_OBJC_ARC = YES;
				CLANG_WARN_BOOL_CONVERSION = YES;
				CLANG_WARN_CONSTANT_CONVERSION = YES;
				CLANG_WARN_DIRECT_OBJC_ISA_USAGE = YES_ERROR;
				CLANG_WARN_EMPTY_BODY = YES;
				CLANG_WARN_ENUM_CONVERSION = YES;
				CLANG_WARN_INT_CONVERSION = YES;
				CLANG_WARN_OBJC_ROOT_CLASS = YES_ERROR;
				CLANG_WARN__DUPLICATE_METHOD_MATCH = YES;
				"CODE_SIGN_IDENTITY[sdk=iphoneos*]" = "iPhone Developer";
				COPY_PHASE_STRIP = YES;
				ENABLE_NS_ASSERTIONS = NO;
				GCC_C_LANGUAGE_STANDARD = gnu99;
				GCC_WARN_64_TO_32_BIT_CONVERSION = YES;
				GCC_WARN_ABOUT_RETURN_TYPE = YES_ERROR;
				GCC_WARN_UNDECLARED_SELECTOR = YES;
				GCC_WARN_UNINITIALIZED_AUTOS = YES_AGGRESSIVE;
				GCC_WARN_UNUSED_FUNCTION = YES;
				GCC_WARN_UNUSED_VARIABLE = YES;
				IPHONEOS_DEPLOYMENT_TARGET = 7.1;
				SDKROOT = iphoneos;
				VALIDATE_PRODUCT = YES;
			};
			name = Release;
		};
		88949E7A19337798007B9200 /* Debug */ = {
			isa = XCBuildConfiguration;
			buildSettings = {
				ASSETCATALOG_COMPILER_APPICON_NAME = AppIcon;
				ASSETCATALOG_COMPILER_LAUNCHIMAGE_NAME = LaunchImage;
				GCC_PRECOMPILE_PREFIX_HEADER = YES;
				GCC_PREFIX_HEADER = "Grafitaki/Grafitaki-Prefix.pch";
				INFOPLIST_FILE = "Grafitaki/Grafitaki-Info.plist";
				PRODUCT_NAME = "$(TARGET_NAME)";
				WRAPPER_EXTENSION = app;
			};
			name = Debug;
		};
		88949E7B19337798007B9200 /* Release */ = {
			isa = XCBuildConfiguration;
			buildSettings = {
				ASSETCATALOG_COMPILER_APPICON_NAME = AppIcon;
				ASSETCATALOG_COMPILER_LAUNCHIMAGE_NAME = LaunchImage;
				GCC_PRECOMPILE_PREFIX_HEADER = YES;
				GCC_PREFIX_HEADER = "Grafitaki/Grafitaki-Prefix.pch";
				INFOPLIST_FILE = "Grafitaki/Grafitaki-Info.plist";
				PRODUCT_NAME = "$(TARGET_NAME)";
				WRAPPER_EXTENSION = app;
			};
			name = Release;
		};
		88949E7D19337798007B9200 /* Debug */ = {
			isa = XCBuildConfiguration;
			buildSettings = {
				BUNDLE_LOADER = "$(BUILT_PRODUCTS_DIR)/Grafitaki.app/Grafitaki";
				FRAMEWORK_SEARCH_PATHS = (
					"$(SDKROOT)/Developer/Library/Frameworks",
					"$(inherited)",
					"$(DEVELOPER_FRAMEWORKS_DIR)",
				);
				GCC_PRECOMPILE_PREFIX_HEADER = YES;
				GCC_PREFIX_HEADER = "Grafitaki/Grafitaki-Prefix.pch";
				GCC_PREPROCESSOR_DEFINITIONS = (
					"DEBUG=1",
					"$(inherited)",
				);
				INFOPLIST_FILE = "GrafitakiTests/GrafitakiTests-Info.plist";
				PRODUCT_NAME = "$(TARGET_NAME)";
				TEST_HOST = "$(BUNDLE_LOADER)";
				WRAPPER_EXTENSION = xctest;
			};
			name = Debug;
		};
		88949E7E19337798007B9200 /* Release */ = {
			isa = XCBuildConfiguration;
			buildSettings = {
				BUNDLE_LOADER = "$(BUILT_PRODUCTS_DIR)/Grafitaki.app/Grafitaki";
				FRAMEWORK_SEARCH_PATHS = (
					"$(SDKROOT)/Developer/Library/Frameworks",
					"$(inherited)",
					"$(DEVELOPER_FRAMEWORKS_DIR)",
				);
				GCC_PRECOMPILE_PREFIX_HEADER = YES;
				GCC_PREFIX_HEADER = "Grafitaki/Grafitaki-Prefix.pch";
				INFOPLIST_FILE = "GrafitakiTests/GrafitakiTests-Info.plist";
				PRODUCT_NAME = "$(TARGET_NAME)";
				TEST_HOST = "$(BUNDLE_LOADER)";
				WRAPPER_EXTENSION = xctest;
			};
			name = Release;
		};
/* End XCBuildConfiguration section */

/* Begin XCConfigurationList section */
		88949E4219337797007B9200 /* Build configuration list for PBXProject "Grafitaki" */ = {
			isa = XCConfigurationList;
			buildConfigurations = (
				88949E7719337798007B9200 /* Debug */,
				88949E7819337798007B9200 /* Release */,
			);
			defaultConfigurationIsVisible = 0;
			defaultConfigurationName = Release;
		};
		88949E7919337798007B9200 /* Build configuration list for PBXNativeTarget "Grafitaki" */ = {
			isa = XCConfigurationList;
			buildConfigurations = (
				88949E7A19337798007B9200 /* Debug */,
				88949E7B19337798007B9200 /* Release */,
			);
			defaultConfigurationIsVisible = 0;
			defaultConfigurationName = Release;
		};
		88949E7C19337798007B9200 /* Build configuration list for PBXNativeTarget "GrafitakiTests" */ = {
			isa = XCConfigurationList;
			buildConfigurations = (
				88949E7D19337798007B9200 /* Debug */,
				88949E7E19337798007B9200 /* Release */,
			);
			defaultConfigurationIsVisible = 0;
			defaultConfigurationName = Release;
		};
/* End XCConfigurationList section */

/* Begin XCVersionGroup section */
		88949E5E19337797007B9200 /* Grafitaki.xcdatamodeld */ = {
			isa = XCVersionGroup;
			children = (
				88949E5F19337797007B9200 /* Grafitaki.xcdatamodel */,
			);
			currentVersion = 88949E5F19337797007B9200 /* Grafitaki.xcdatamodel */;
			path = Grafitaki.xcdatamodeld;
			sourceTree = "<group>";
			versionGroupType = wrapper.xcdatamodel;
		};
/* End XCVersionGroup section */
	};
	rootObject = 88949E3F19337797007B9200 /* Project object */;
}
